
Microsoft Visual Studio Solution File, Format Version 12.00
# Visual Studio Version 17
VisualStudioVersion = 17.5.002.0
MinimumVisualStudioVersion = 10.0.40219.1
Project("{9A19103F-16F7-4668-BE54-9A1E7A4F7556}") = "ReceiveMessagesService", "ReceiveMessagesService.csproj", "{6C9DFB86-EAB1-4980-A296-D9599F2ABCB8}"
EndProject
Project("{E53339B2-1760-4266-BCC7-CA923CBCF16C}") = "docker-compose", "docker-compose.dcproj", "{63523C62-4876-467D-AA98-A364D2C67FFD}"
EndProject
Global
	GlobalSection(SolutionConfigurationPlatforms) = preSolution
		Debug|Any CPU = Debug|Any CPU
		Release|Any CPU = Release|Any CPU
	EndGlobalSection
	GlobalSection(ProjectConfigurationPlatforms) = postSolution
		{6C9DFB86-EAB1-4980-A296-D9599F2ABCB8}.Debug|Any CPU.ActiveCfg = Debug|Any CPU
		{6C9DFB86-EAB1-4980-A296-D9599F2ABCB8}.Debug|Any CPU.Build.0 = Debug|Any CPU
		{6C9DFB86-EAB1-4980-A296-D9599F2ABCB8}.Release|Any CPU.ActiveCfg = Release|Any CPU
		{6C9DFB86-EAB1-4980-A296-D9599F2ABCB8}.Release|Any CPU.Build.0 = Release|Any CPU
		{63523C62-4876-467D-AA98-A364D2C67FFD}.Debug|Any CPU.ActiveCfg = Debug|Any CPU
		{63523C62-4876-467D-AA98-A364D2C67FFD}.Debug|Any CPU.Build.0 = Debug|Any CPU
		{63523C62-4876-467D-AA98-A364D2C67FFD}.Release|Any CPU.ActiveCfg = Release|Any CPU
		{63523C62-4876-467D-AA98-A364D2C67FFD}.Release|Any CPU.Build.0 = Release|Any CPU
	EndGlobalSection
	GlobalSection(SolutionProperties) = preSolution
		HideSolutionNode = FALSE
	EndGlobalSection
	GlobalSection(ExtensibilityGlobals) = postSolution
		SolutionGuid = {90B175AE-293E-4B13-AB81-0DB508E3FC3C}
	EndGlobalSection
EndGlobal
